
Microsoft Visual Studio Solution File, Format Version 12.00
# Visual Studio Version 17
VisualStudioVersion = 17.13.35828.75
MinimumVisualStudioVersion = 10.0.40219.1
Project("{FAE04EC0-301F-11D3-BF4B-00C04F79EFBC}") = "Assessment.API", "Assessment.API\Assessment.API.csproj", "{A1D1D773-D2B2-4640-B22D-CBD337E3C55E}"
EndProject
Project("{FAE04EC0-301F-11D3-BF4B-00C04F79EFBC}") = "Assessment.Domain", "Assessment.Domain\Assessment.Domain.csproj", "{C5FDFCE3-B683-42B3-BE91-9852A11862D2}"
EndProject
Project("{FAE04EC0-301F-11D3-BF4B-00C04F79EFBC}") = "Assessment.Infrastructure", "Assessment.Infrastructure\Assessment.Infrastructure.csproj", "{8D1E5364-6C6F-425C-B90F-B60C8785C4A8}"
EndProject
Project("{FAE04EC0-301F-11D3-BF4B-00C04F79EFBC}") = "Assessment.Application", "Assessment.Application\Assessment.Application.csproj", "{168A661E-F6E2-4B6C-A7B4-A6CEF936D4C1}"
EndProject
Project("{FAE04EC0-301F-11D3-BF4B-00C04F79EFBC}") = "Assessment.Tests", "Assessment.Tests\Assessment.Tests.csproj", "{3C66035C-5D55-434E-B186-A0C75AB2A8D8}"
EndProject
Global
	GlobalSection(SolutionConfigurationPlatforms) = preSolution
		Debug|Any CPU = Debug|Any CPU
		Release|Any CPU = Release|Any CPU
	EndGlobalSection
	GlobalSection(ProjectConfigurationPlatforms) = postSolution
		{A1D1D773-D2B2-4640-B22D-CBD337E3C55E}.Debug|Any CPU.ActiveCfg = Debug|Any CPU
		{A1D1D773-D2B2-4640-B22D-CBD337E3C55E}.Debug|Any CPU.Build.0 = Debug|Any CPU
		{A1D1D773-D2B2-4640-B22D-CBD337E3C55E}.Release|Any CPU.ActiveCfg = Release|Any CPU
		{A1D1D773-D2B2-4640-B22D-CBD337E3C55E}.Release|Any CPU.Build.0 = Release|Any CPU
		{C5FDFCE3-B683-42B3-BE91-9852A11862D2}.Debug|Any CPU.ActiveCfg = Debug|Any CPU
		{C5FDFCE3-B683-42B3-BE91-9852A11862D2}.Debug|Any CPU.Build.0 = Debug|Any CPU
		{C5FDFCE3-B683-42B3-BE91-9852A11862D2}.Release|Any CPU.ActiveCfg = Release|Any CPU
		{C5FDFCE3-B683-42B3-BE91-9852A11862D2}.Release|Any CPU.Build.0 = Release|Any CPU
		{8D1E5364-6C6F-425C-B90F-B60C8785C4A8}.Debug|Any CPU.ActiveCfg = Debug|Any CPU
		{8D1E5364-6C6F-425C-B90F-B60C8785C4A8}.Debug|Any CPU.Build.0 = Debug|Any CPU
		{8D1E5364-6C6F-425C-B90F-B60C8785C4A8}.Release|Any CPU.ActiveCfg = Release|Any CPU
		{8D1E5364-6C6F-425C-B90F-B60C8785C4A8}.Release|Any CPU.Build.0 = Release|Any CPU
		{168A661E-F6E2-4B6C-A7B4-A6CEF936D4C1}.Debug|Any CPU.ActiveCfg = Debug|Any CPU
		{168A661E-F6E2-4B6C-A7B4-A6CEF936D4C1}.Debug|Any CPU.Build.0 = Debug|Any CPU
		{168A661E-F6E2-4B6C-A7B4-A6CEF936D4C1}.Release|Any CPU.ActiveCfg = Release|Any CPU
		{168A661E-F6E2-4B6C-A7B4-A6CEF936D4C1}.Release|Any CPU.Build.0 = Release|Any CPU
		{3C66035C-5D55-434E-B186-A0C75AB2A8D8}.Debug|Any CPU.ActiveCfg = Debug|Any CPU
		{3C66035C-5D55-434E-B186-A0C75AB2A8D8}.Debug|Any CPU.Build.0 = Debug|Any CPU
		{3C66035C-5D55-434E-B186-A0C75AB2A8D8}.Release|Any CPU.ActiveCfg = Release|Any CPU
		{3C66035C-5D55-434E-B186-A0C75AB2A8D8}.Release|Any CPU.Build.0 = Release|Any CPU
	EndGlobalSection
	GlobalSection(SolutionProperties) = preSolution
		HideSolutionNode = FALSE
	EndGlobalSection
	GlobalSection(ExtensibilityGlobals) = postSolution
		SolutionGuid = {D67CEFD2-30F7-4D89-B348-3AE3237BA2AB}
	EndGlobalSection
EndGlobal
